
Microsoft Visual Studio Solution File, Format Version 12.00
# Visual Studio Version 17
VisualStudioVersion = 17.1.32210.238
MinimumVisualStudioVersion = 10.0.40219.1
Project("{9A19103F-16F7-4668-BE54-9A1E7A4F7556}") = "OptimizationExercise.PackingHeaders", "OptimizationExercise.PackingHeaders\OptimizationExercise.PackingHeaders.csproj", "{C5692D37-757C-4B44-A07B-6B0CEE9F472F}"
EndProject
Project("{FAE04EC0-301F-11D3-BF4B-00C04F79EFBC}") = "OptimizationExercise.PackingHeaders.Tests", "OptimizationExercise.PackingHeaders.Tests\OptimizationExercise.PackingHeaders.Tests.csproj", "{CA067BB8-E169-41F8-A7E9-7946934FB0D4}"
EndProject
Project("{FAE04EC0-301F-11D3-BF4B-00C04F79EFBC}") = "OptimizationExercise.PackingHeaders.Benchmarks", "OptimizationExercise.PackingHeaders.Benchmarks\OptimizationExercise.PackingHeaders.Benchmarks.csproj", "{5AACF8FA-D5AB-4ED9-9B79-E70621803A80}"
EndProject
Global
	GlobalSection(SolutionConfigurationPlatforms) = preSolution
		Debug|Any CPU = Debug|Any CPU
		Release|Any CPU = Release|Any CPU
	EndGlobalSection
	GlobalSection(ProjectConfigurationPlatforms) = postSolution
		{C5692D37-757C-4B44-A07B-6B0CEE9F472F}.Debug|Any CPU.ActiveCfg = Debug|Any CPU
		{C5692D37-757C-4B44-A07B-6B0CEE9F472F}.Debug|Any CPU.Build.0 = Debug|Any CPU
		{C5692D37-757C-4B44-A07B-6B0CEE9F472F}.Release|Any CPU.ActiveCfg = Release|Any CPU
		{C5692D37-757C-4B44-A07B-6B0CEE9F472F}.Release|Any CPU.Build.0 = Release|Any CPU
		{CA067BB8-E169-41F8-A7E9-7946934FB0D4}.Debug|Any CPU.ActiveCfg = Debug|Any CPU
		{CA067BB8-E169-41F8-A7E9-7946934FB0D4}.Debug|Any CPU.Build.0 = Debug|Any CPU
		{CA067BB8-E169-41F8-A7E9-7946934FB0D4}.Release|Any CPU.ActiveCfg = Release|Any CPU
		{CA067BB8-E169-41F8-A7E9-7946934FB0D4}.Release|Any CPU.Build.0 = Release|Any CPU
		{5AACF8FA-D5AB-4ED9-9B79-E70621803A80}.Debug|Any CPU.ActiveCfg = Debug|Any CPU
		{5AACF8FA-D5AB-4ED9-9B79-E70621803A80}.Debug|Any CPU.Build.0 = Debug|Any CPU
		{5AACF8FA-D5AB-4ED9-9B79-E70621803A80}.Release|Any CPU.ActiveCfg = Release|Any CPU
		{5AACF8FA-D5AB-4ED9-9B79-E70621803A80}.Release|Any CPU.Build.0 = Release|Any CPU
	EndGlobalSection
	GlobalSection(SolutionProperties) = preSolution
		HideSolutionNode = FALSE
	EndGlobalSection
	GlobalSection(ExtensibilityGlobals) = postSolution
		SolutionGuid = {2B4A323D-00E4-4BCE-85DB-73B77A88A08B}
	EndGlobalSection
EndGlobal
